{
    "_meta": {
        "hash": {
            "sha256": "c1faaea69b51fbdef991f64d0c8fed36bfdffa6b5587b520b30673edd9e82f86"
        },
        "host-environment-markers": {
            "implementation_name": "cpython",
            "implementation_version": "0",
            "os_name": "nt",
            "platform_machine": "AMD64",
            "platform_python_implementation": "CPython",
            "platform_release": "10",
            "platform_system": "Windows",
            "platform_version": "10.0.15063",
            "python_full_version": "2.7.15",
            "python_version": "2.7",
            "sys_platform": "win32"
        },
        "pipfile-spec": 6,
        "requires": {},
        "sources": [
            {
                "name": "pypi",
                "url": "https://pypi.python.org/simple",
                "verify_ssl": true
            }
        ]
    },
    "default": {
        "django": {
            "hashes": [
                "sha256:37f5876c1fbfd66085001f4c06fa0bf96ef05442c53daf8d4294b6f29e7fa6b8",
                "sha256:29268cc47816a44f27308e60f71da635f549c47d8a1d003b28de55141df75791"
            ],
            "version": "==1.11.16"
        },
        "python-http-client": {
            "hashes": [
                "sha256:7e430f4b9dd2b621b0051f6a362f103447ea8e267594c602a5c502a0c694ee38"
            ],
            "version": "==3.1.0"
        },
        "pytz": {
            "hashes": [
                "sha256:8e0f8568c118d3077b46be7d654cc8167fa916092e28320cde048e54bfc9f1e6",
                "sha256:31cb35c89bd7d333cd32c5f278fca91b523b0834369e757f4c5641ea252236ca"
            ],
            "version": "==2018.7"
        },
        "sendgrid": {
            "hashes": [
                "sha256:97eb356ea44a18a03e6fe99f02b7942445be306a50f73a7dd35471fe15cc0094",
                "sha256:9e9d3d75602b8853f174ec959d1af1ac168cd361cbcafc81285fa8c183f7a505"
            ],
            "version": "==5.6.0"
        }
    },
    "develop": {}
}
